
Microsoft Visual Studio Solution File, Format Version 12.00
# Visual Studio Version 16
VisualStudioVersion = 16.0.30717.126
MinimumVisualStudioVersion = 10.0.40219.1
Project("{9A19103F-16F7-4668-BE54-9A1E7A4F7556}") = "GestaoAnimalWeb", "GestaoAnimalWeb\GestaoAnimalWeb.csproj", "{DCEB77C1-29E0-4F4E-BD75-0AF595E86D83}"
EndProject
Project("{9A19103F-16F7-4668-BE54-9A1E7A4F7556}") = "Core", "Core\Core.csproj", "{A9631AAA-EC48-417B-9E6E-9CCF5FA09228}"
EndProject
Project("{FAE04EC0-301F-11D3-BF4B-00C04F79EFBC}") = "Service", "Persistence\Service.csproj", "{708E1BEF-19BA-40F0-A1FE-F31AA4DA6114}"
EndProject
Global
	GlobalSection(SolutionConfigurationPlatforms) = preSolution
		Debug|Any CPU = Debug|Any CPU
		Release|Any CPU = Release|Any CPU
	EndGlobalSection
	GlobalSection(ProjectConfigurationPlatforms) = postSolution
		{DCEB77C1-29E0-4F4E-BD75-0AF595E86D83}.Debug|Any CPU.ActiveCfg = Debug|Any CPU
		{DCEB77C1-29E0-4F4E-BD75-0AF595E86D83}.Debug|Any CPU.Build.0 = Debug|Any CPU
		{DCEB77C1-29E0-4F4E-BD75-0AF595E86D83}.Release|Any CPU.ActiveCfg = Release|Any CPU
		{DCEB77C1-29E0-4F4E-BD75-0AF595E86D83}.Release|Any CPU.Build.0 = Release|Any CPU
		{A9631AAA-EC48-417B-9E6E-9CCF5FA09228}.Debug|Any CPU.ActiveCfg = Debug|Any CPU
		{A9631AAA-EC48-417B-9E6E-9CCF5FA09228}.Debug|Any CPU.Build.0 = Debug|Any CPU
		{A9631AAA-EC48-417B-9E6E-9CCF5FA09228}.Release|Any CPU.ActiveCfg = Release|Any CPU
		{A9631AAA-EC48-417B-9E6E-9CCF5FA09228}.Release|Any CPU.Build.0 = Release|Any CPU
		{708E1BEF-19BA-40F0-A1FE-F31AA4DA6114}.Debug|Any CPU.ActiveCfg = Debug|Any CPU
		{708E1BEF-19BA-40F0-A1FE-F31AA4DA6114}.Debug|Any CPU.Build.0 = Debug|Any CPU
		{708E1BEF-19BA-40F0-A1FE-F31AA4DA6114}.Release|Any CPU.ActiveCfg = Release|Any CPU
		{708E1BEF-19BA-40F0-A1FE-F31AA4DA6114}.Release|Any CPU.Build.0 = Release|Any CPU
	EndGlobalSection
	GlobalSection(SolutionProperties) = preSolution
		HideSolutionNode = FALSE
	EndGlobalSection
	GlobalSection(ExtensibilityGlobals) = postSolution
		SolutionGuid = {8EFF2E3B-CD00-4349-A4D4-3296F56C4472}
	EndGlobalSection
EndGlobal
